// !$*UTF8*$!
{
	archiveVersion = 1;
	classes = {
	};
	objectVersion = 50;
	objects = {

/* Begin PBXBuildFile section */
		89BEF0C421CEC429001ABB6D /* AppDelegate.swift in Sources */ = {isa = PBXBuildFile; fileRef = 89BEF0C321CEC429001ABB6D /* AppDelegate.swift */; };
		89BEF0C621CEC429001ABB6D /* ViewController.swift in Sources */ = {isa = PBXBuildFile; fileRef = 89BEF0C521CEC429001ABB6D /* ViewController.swift */; };
		89BEF0C921CEC429001ABB6D /* Main.storyboard in Resources */ = {isa = PBXBuildFile; fileRef = 89BEF0C721CEC429001ABB6D /* Main.storyboard */; };
		89BEF0CC21CEC429001ABB6D /* TabPagerStrip.xcdatamodeld in Sources */ = {isa = PBXBuildFile; fileRef = 89BEF0CA21CEC429001ABB6D /* TabPagerStrip.xcdatamodeld */; };
		89BEF0CE21CEC42A001ABB6D /* Assets.xcassets in Resources */ = {isa = PBXBuildFile; fileRef = 89BEF0CD21CEC42A001ABB6D /* Assets.xcassets */; };
		89BEF0D121CEC42A001ABB6D /* LaunchScreen.storyboard in Resources */ = {isa = PBXBuildFile; fileRef = 89BEF0CF21CEC42A001ABB6D /* LaunchScreen.storyboard */; };
		89BEF0DC21CEC42A001ABB6D /* TabPagerStripTests.swift in Sources */ = {isa = PBXBuildFile; fileRef = 89BEF0DB21CEC42A001ABB6D /* TabPagerStripTests.swift */; };
		89BEF0E721CEC42A001ABB6D /* TabPagerStripUITests.swift in Sources */ = {isa = PBXBuildFile; fileRef = 89BEF0E621CEC42A001ABB6D /* TabPagerStripUITests.swift */; };
/* End PBXBuildFile section */

/* Begin PBXContainerItemProxy section */
		89BEF0D821CEC42A001ABB6D /* PBXContainerItemProxy */ = {
			isa = PBXContainerItemProxy;
			containerPortal = 89BEF0B821CEC429001ABB6D /* Project object */;
			proxyType = 1;
			remoteGlobalIDString = 89BEF0BF21CEC429001ABB6D;
			remoteInfo = TabPagerStrip;
		};
		89BEF0E321CEC42A001ABB6D /* PBXContainerItemProxy */ = {
			isa = PBXContainerItemProxy;
			containerPortal = 89BEF0B821CEC429001ABB6D /* Project object */;
			proxyType = 1;
			remoteGlobalIDString = 89BEF0BF21CEC429001ABB6D;
			remoteInfo = TabPagerStrip;
		};
/* End PBXContainerItemProxy section */

/* Begin PBXFileReference section */
		89BEF0C021CEC429001ABB6D /* TabPagerStrip.app */ = {isa = PBXFileReference; explicitFileType = wrapper.application; includeInIndex = 0; path = TabPagerStrip.app; sourceTree = BUILT_PRODUCTS_DIR; };
		89BEF0C321CEC429001ABB6D /* AppDelegate.swift */ = {isa = PBXFileReference; lastKnownFileType = sourcecode.swift; path = AppDelegate.swift; sourceTree = "<group>"; };
		89BEF0C521CEC429001ABB6D /* ViewController.swift */ = {isa = PBXFileReference; lastKnownFileType = sourcecode.swift; path = ViewController.swift; sourceTree = "<group>"; };
		89BEF0C821CEC429001ABB6D /* Base */ = {isa = PBXFileReference; lastKnownFileType = file.storyboard; name = Base; path = Base.lproj/Main.storyboard; sourceTree = "<group>"; };
		89BEF0CB21CEC429001ABB6D /* TabPagerStrip.xcdatamodel */ = {isa = PBXFileReference; lastKnownFileType = wrapper.xcdatamodel; path = TabPagerStrip.xcdatamodel; sourceTree = "<group>"; };
		89BEF0CD21CEC42A001ABB6D /* Assets.xcassets */ = {isa = PBXFileReference; lastKnownFileType = folder.assetcatalog; path = Assets.xcassets; sourceTree = "<group>"; };
		89BEF0D021CEC42A001ABB6D /* Base */ = {isa = PBXFileReference; lastKnownFileType = file.storyboard; name = Base; path = Base.lproj/LaunchScreen.storyboard; sourceTree = "<group>"; };
		89BEF0D221CEC42A001ABB6D /* Info.plist */ = {isa = PBXFileReference; lastKnownFileType = text.plist.xml; path = Info.plist; sourceTree = "<group>"; };
		89BEF0D721CEC42A001ABB6D /* TabPagerStripTests.xctest */ = {isa = PBXFileReference; explicitFileType = wrapper.cfbundle; includeInIndex = 0; path = TabPagerStripTests.xctest; sourceTree = BUILT_PRODUCTS_DIR; };
		89BEF0DB21CEC42A001ABB6D /* TabPagerStripTests.swift */ = {isa = PBXFileReference; lastKnownFileType = sourcecode.swift; path = TabPagerStripTests.swift; sourceTree = "<group>"; };
		89BEF0DD21CEC42A001ABB6D /* Info.plist */ = {isa = PBXFileReference; lastKnownFileType = text.plist.xml; path = Info.plist; sourceTree = "<group>"; };
		89BEF0E221CEC42A001ABB6D /* TabPagerStripUITests.xctest */ = {isa = PBXFileReference; explicitFileType = wrapper.cfbundle; includeInIndex = 0; path = TabPagerStripUITests.xctest; sourceTree = BUILT_PRODUCTS_DIR; };
		89BEF0E621CEC42A001ABB6D /* TabPagerStripUITests.swift */ = {isa = PBXFileReference; lastKnownFileType = sourcecode.swift; path = TabPagerStripUITests.swift; sourceTree = "<group>"; };
		89BEF0E821CEC42A001ABB6D /* Info.plist */ = {isa = PBXFileReference; lastKnownFileType = text.plist.xml; path = Info.plist; sourceTree = "<group>"; };
/* End PBXFileReference section */

/* Begin PBXFrameworksBuildPhase section */
		89BEF0BD21CEC429001ABB6D /* Frameworks */ = {
			isa = PBXFrameworksBuildPhase;
			buildActionMask = 2147483647;
			files = (
			);
			runOnlyForDeploymentPostprocessing = 0;
		};
		89BEF0D421CEC42A001ABB6D /* Frameworks */ = {
			isa = PBXFrameworksBuildPhase;
			buildActionMask = 2147483647;
			files = (
			);
			runOnlyForDeploymentPostprocessing = 0;
		};
		89BEF0DF21CEC42A001ABB6D /* Frameworks */ = {
			isa = PBXFrameworksBuildPhase;
			buildActionMask = 2147483647;
			files = (
			);
			runOnlyForDeploymentPostprocessing = 0;
		};
/* End PBXFrameworksBuildPhase section */

/* Begin PBXGroup section */
		89BEF0B721CEC429001ABB6D = {
			isa = PBXGroup;
			children = (
				89BEF0C221CEC429001ABB6D /* TabPagerStrip */,
				89BEF0DA21CEC42A001ABB6D /* TabPagerStripTests */,
				89BEF0E521CEC42A001ABB6D /* TabPagerStripUITests */,
				89BEF0C121CEC429001ABB6D /* Products */,
			);
			sourceTree = "<group>";
		};
		89BEF0C121CEC429001ABB6D /* Products */ = {
			isa = PBXGroup;
			children = (
				89BEF0C021CEC429001ABB6D /* TabPagerStrip.app */,
				89BEF0D721CEC42A001ABB6D /* TabPagerStripTests.xctest */,
				89BEF0E221CEC42A001ABB6D /* TabPagerStripUITests.xctest */,
			);
			name = Products;
			sourceTree = "<group>";
		};
		89BEF0C221CEC429001ABB6D /* TabPagerStrip */ = {
			isa = PBXGroup;
			children = (
				89BEF0C321CEC429001ABB6D /* AppDelegate.swift */,
				89BEF0C521CEC429001ABB6D /* ViewController.swift */,
				89BEF0C721CEC429001ABB6D /* Main.storyboard */,
				89BEF0CD21CEC42A001ABB6D /* Assets.xcassets */,
				89BEF0CF21CEC42A001ABB6D /* LaunchScreen.storyboard */,
				89BEF0D221CEC42A001ABB6D /* Info.plist */,
				89BEF0CA21CEC429001ABB6D /* TabPagerStrip.xcdatamodeld */,
			);
			path = TabPagerStrip;
			sourceTree = "<group>";
		};
		89BEF0DA21CEC42A001ABB6D /* TabPagerStripTests */ = {
			isa = PBXGroup;
			children = (
				89BEF0DB21CEC42A001ABB6D /* TabPagerStripTests.swift */,
				89BEF0DD21CEC42A001ABB6D /* Info.plist */,
			);
			path = TabPagerStripTests;
			sourceTree = "<group>";
		};
		89BEF0E521CEC42A001ABB6D /* TabPagerStripUITests */ = {
			isa = PBXGroup;
			children = (
				89BEF0E621CEC42A001ABB6D /* TabPagerStripUITests.swift */,
				89BEF0E821CEC42A001ABB6D /* Info.plist */,
			);
			path = TabPagerStripUITests;
			sourceTree = "<group>";
		};
/* End PBXGroup section */

/* Begin PBXNativeTarget section */
		89BEF0BF21CEC429001ABB6D /* TabPagerStrip */ = {
			isa = PBXNativeTarget;
			buildConfigurationList = 89BEF0EB21CEC42A001ABB6D /* Build configuration list for PBXNativeTarget "TabPagerStrip" */;
			buildPhases = (
				89BEF0BC21CEC429001ABB6D /* Sources */,
				89BEF0BD21CEC429001ABB6D /* Frameworks */,
				89BEF0BE21CEC429001ABB6D /* Resources */,
			);
			buildRules = (
			);
			dependencies = (
			);
			name = TabPagerStrip;
			productName = TabPagerStrip;
			productReference = 89BEF0C021CEC429001ABB6D /* TabPagerStrip.app */;
			productType = "com.apple.product-type.application";
		};
		89BEF0D621CEC42A001ABB6D /* TabPagerStripTests */ = {
			isa = PBXNativeTarget;
			buildConfigurationList = 89BEF0EE21CEC42A001ABB6D /* Build configuration list for PBXNativeTarget "TabPagerStripTests" */;
			buildPhases = (
				89BEF0D321CEC42A001ABB6D /* Sources */,
				89BEF0D421CEC42A001ABB6D /* Frameworks */,
				89BEF0D521CEC42A001ABB6D /* Resources */,
			);
			buildRules = (
			);
			dependencies = (
				89BEF0D921CEC42A001ABB6D /* PBXTargetDependency */,
			);
			name = TabPagerStripTests;
			productName = TabPagerStripTests;
			productReference = 89BEF0D721CEC42A001ABB6D /* TabPagerStripTests.xctest */;
			productType = "com.apple.product-type.bundle.unit-test";
		};
		89BEF0E121CEC42A001ABB6D /* TabPagerStripUITests */ = {
			isa = PBXNativeTarget;
			buildConfigurationList = 89BEF0F121CEC42A001ABB6D /* Build configuration list for PBXNativeTarget "TabPagerStripUITests" */;
			buildPhases = (
				89BEF0DE21CEC42A001ABB6D /* Sources */,
				89BEF0DF21CEC42A001ABB6D /* Frameworks */,
				89BEF0E021CEC42A001ABB6D /* Resources */,
			);
			buildRules = (
			);
			dependencies = (
				89BEF0E421CEC42A001ABB6D /* PBXTargetDependency */,
			);
			name = TabPagerStripUITests;
			productName = TabPagerStripUITests;
			productReference = 89BEF0E221CEC42A001ABB6D /* TabPagerStripUITests.xctest */;
			productType = "com.apple.product-type.bundle.ui-testing";
		};
/* End PBXNativeTarget section */

/* Begin PBXProject section */
		89BEF0B821CEC429001ABB6D /* Project object */ = {
			isa = PBXProject;
			attributes = {
				LastSwiftUpdateCheck = 0940;
				LastUpgradeCheck = 0940;
				ORGANIZATIONNAME = kashee;
				TargetAttributes = {
					89BEF0BF21CEC429001ABB6D = {
						CreatedOnToolsVersion = 9.4.1;
					};
					89BEF0D621CEC42A001ABB6D = {
						CreatedOnToolsVersion = 9.4.1;
						TestTargetID = 89BEF0BF21CEC429001ABB6D;
					};
					89BEF0E121CEC42A001ABB6D = {
						CreatedOnToolsVersion = 9.4.1;
						TestTargetID = 89BEF0BF21CEC429001ABB6D;
					};
				};
			};
			buildConfigurationList = 89BEF0BB21CEC429001ABB6D /* Build configuration list for PBXProject "TabPagerStrip" */;
			compatibilityVersion = "Xcode 9.3";
			developmentRegion = en;
			hasScannedForEncodings = 0;
			knownRegions = (
				en,
				Base,
			);
			mainGroup = 89BEF0B721CEC429001ABB6D;
			productRefGroup = 89BEF0C121CEC429001ABB6D /* Products */;
			projectDirPath = "";
			projectRoot = "";
			targets = (
				89BEF0BF21CEC429001ABB6D /* TabPagerStrip */,
				89BEF0D621CEC42A001ABB6D /* TabPagerStripTests */,
				89BEF0E121CEC42A001ABB6D /* TabPagerStripUITests */,
			);
		};
/* End PBXProject section */

/* Begin PBXResourcesBuildPhase section */
		89BEF0BE21CEC429001ABB6D /* Resources */ = {
			isa = PBXResourcesBuildPhase;
			buildActionMask = 2147483647;
			files = (
				89BEF0D121CEC42A001ABB6D /* LaunchScreen.storyboard in Resources */,
				89BEF0CE21CEC42A001ABB6D /* Assets.xcassets in Resources */,
				89BEF0C921CEC429001ABB6D /* Main.storyboard in Resources */,
			);
			runOnlyForDeploymentPostprocessing = 0;
		};
		89BEF0D521CEC42A001ABB6D /* Resources */ = {
			isa = PBXResourcesBuildPhase;
			buildActionMask = 2147483647;
			files = (
			);
			runOnlyForDeploymentPostprocessing = 0;
		};
		89BEF0E021CEC42A001ABB6D /* Resources */ = {
			isa = PBXResourcesBuildPhase;
			buildActionMask = 2147483647;
			files = (
			);
			runOnlyForDeploymentPostprocessing = 0;
		};
/* End PBXResourcesBuildPhase section */

/* Begin PBXSourcesBuildPhase section */
		89BEF0BC21CEC429001ABB6D /* Sources */ = {
			isa = PBXSourcesBuildPhase;
			buildActionMask = 2147483647;
			files = (
				89BEF0C621CEC429001ABB6D /* ViewController.swift in Sources */,
				89BEF0CC21CEC429001ABB6D /* TabPagerStrip.xcdatamodeld in Sources */,
				89BEF0C421CEC429001ABB6D /* AppDelegate.swift in Sources */,
			);
			runOnlyForDeploymentPostprocessing = 0;
		};
		89BEF0D321CEC42A001ABB6D /* Sources */ = {
			isa = PBXSourcesBuildPhase;
			buildActionMask = 2147483647;
			files = (
				89BEF0DC21CEC42A001ABB6D /* TabPagerStripTests.swift in Sources */,
			);
			runOnlyForDeploymentPostprocessing = 0;
		};
		89BEF0DE21CEC42A001ABB6D /* Sources */ = {
			isa = PBXSourcesBuildPhase;
			buildActionMask = 2147483647;
			files = (
				89BEF0E721CEC42A001ABB6D /* TabPagerStripUITests.swift in Sources */,
			);
			runOnlyForDeploymentPostprocessing = 0;
		};
/* End PBXSourcesBuildPhase section */

/* Begin PBXTargetDependency section */
		89BEF0D921CEC42A001ABB6D /* PBXTargetDependency */ = {
			isa = PBXTargetDependency;
			target = 89BEF0BF21CEC429001ABB6D /* TabPagerStrip */;
			targetProxy = 89BEF0D821CEC42A001ABB6D /* PBXContainerItemProxy */;
		};
		89BEF0E421CEC42A001ABB6D /* PBXTargetDependency */ = {
			isa = PBXTargetDependency;
			target = 89BEF0BF21CEC429001ABB6D /* TabPagerStrip */;
			targetProxy = 89BEF0E321CEC42A001ABB6D /* PBXContainerItemProxy */;
		};
/* End PBXTargetDependency section */

/* Begin PBXVariantGroup section */
		89BEF0C721CEC429001ABB6D /* Main.storyboard */ = {
			isa = PBXVariantGroup;
			children = (
				89BEF0C821CEC429001ABB6D /* Base */,
			);
			name = Main.storyboard;
			sourceTree = "<group>";
		};
		89BEF0CF21CEC42A001ABB6D /* LaunchScreen.storyboard */ = {
			isa = PBXVariantGroup;
			children = (
				89BEF0D021CEC42A001ABB6D /* Base */,
			);
			name = LaunchScreen.storyboard;
			sourceTree = "<group>";
		};
/* End PBXVariantGroup section */

/* Begin XCBuildConfiguration section */
		89BEF0E921CEC42A001ABB6D /* Debug */ = {
			isa = XCBuildConfiguration;
			buildSettings = {
				ALWAYS_SEARCH_USER_PATHS = NO;
				CLANG_ANALYZER_NONNULL = YES;
				CLANG_ANALYZER_NUMBER_OBJECT_CONVERSION = YES_AGGRESSIVE;
				CLANG_CXX_LANGUAGE_STANDARD = "gnu++14";
				CLANG_CXX_LIBRARY = "libc++";
				CLANG_ENABLE_MODULES = YES;
				CLANG_ENABLE_OBJC_ARC = YES;
				CLANG_ENABLE_OBJC_WEAK = YES;
				CLANG_WARN_BLOCK_CAPTURE_AUTORELEASING = YES;
				CLANG_WARN_BOOL_CONVERSION = YES;
				CLANG_WARN_COMMA = YES;
				CLANG_WARN_CONSTANT_CONVERSION = YES;
				CLANG_WARN_DEPRECATED_OBJC_IMPLEMENTATIONS = YES;
				CLANG_WARN_DIRECT_OBJC_ISA_USAGE = YES_ERROR;
				CLANG_WARN_DOCUMENTATION_COMMENTS = YES;
				CLANG_WARN_EMPTY_BODY = YES;
				CLANG_WARN_ENUM_CONVERSION = YES;
				CLANG_WARN_INFINITE_RECURSION = YES;
				CLANG_WARN_INT_CONVERSION = YES;
				CLANG_WARN_NON_LITERAL_NULL_CONVERSION = YES;
				CLANG_WARN_OBJC_IMPLICIT_RETAIN_SELF = YES;
				CLANG_WARN_OBJC_LITERAL_CONVERSION = YES;
				CLANG_WARN_OBJC_ROOT_CLASS = YES_ERROR;
				CLANG_WARN_RANGE_LOOP_ANALYSIS = YES;
				CLANG_WARN_STRICT_PROTOTYPES = YES;
				CLANG_WARN_SUSPICIOUS_MOVE = YES;
				CLANG_WARN_UNGUARDED_AVAILABILITY = YES_AGGRESSIVE;
				CLANG_WARN_UNREACHABLE_CODE = YES;
				CLANG_WARN__DUPLICATE_METHOD_MATCH = YES;
				CODE_SIGN_IDENTITY = "iPhone Developer";
				COPY_PHASE_STRIP = NO;
				DEBUG_INFORMATION_FORMAT = dwarf;
				ENABLE_STRICT_OBJC_MSGSEND = YES;
				ENABLE_TESTABILITY = YES;
				GCC_C_LANGUAGE_STANDARD = gnu11;
				GCC_DYNAMIC_NO_PIC = NO;
				GCC_NO_COMMON_BLOCKS = YES;
				GCC_OPTIMIZATION_LEVEL = 0;
				GCC_PREPROCESSOR_DEFINITIONS = (
					"DEBUG=1",
					"$(inherited)",
				);
				GCC_WARN_64_TO_32_BIT_CONVERSION = YES;
				GCC_WARN_ABOUT_RETURN_TYPE = YES_ERROR;
				GCC_WARN_UNDECLARED_SELECTOR = YES;
				GCC_WARN_UNINITIALIZED_AUTOS = YES_AGGRESSIVE;
				GCC_WARN_UNUSED_FUNCTION = YES;
				GCC_WARN_UNUSED_VARIABLE = YES;
				IPHONEOS_DEPLOYMENT_TARGET = 11.4;
				MTL_ENABLE_DEBUG_INFO = YES;
				ONLY_ACTIVE_ARCH = YES;
				SDKROOT = iphoneos;
				SWIFT_ACTIVE_COMPILATION_CONDITIONS = DEBUG;
				SWIFT_OPTIMIZATION_LEVEL = "-Onone";
			};
			name = Debug;
		};
		89BEF0EA21CEC42A001ABB6D /* Release */ = {
			isa = XCBuildConfiguration;
			buildSettings = {
				ALWAYS_SEARCH_USER_PATHS = NO;
				CLANG_ANALYZER_NONNULL = YES;
				CLANG_ANALYZER_NUMBER_OBJECT_CONVERSION = YES_AGGRESSIVE;
				CLANG_CXX_LANGUAGE_STANDARD = "gnu++14";
				CLANG_CXX_LIBRARY = "libc++";
				CLANG_ENABLE_MODULES = YES;
				CLANG_ENABLE_OBJC_ARC = YES;
				CLANG_ENABLE_OBJC_WEAK = YES;
				CLANG_WARN_BLOCK_CAPTURE_AUTORELEASING = YES;
				CLANG_WARN_BOOL_CONVERSION = YES;
				CLANG_WARN_COMMA = YES;
				CLANG_WARN_CONSTANT_CONVERSION = YES;
				CLANG_WARN_DEPRECATED_OBJC_IMPLEMENTATIONS = YES;
				CLANG_WARN_DIRECT_OBJC_ISA_USAGE = YES_ERROR;
				CLANG_WARN_DOCUMENTATION_COMMENTS = YES;
				CLANG_WARN_EMPTY_BODY = YES;
				CLANG_WARN_ENUM_CONVERSION = YES;
				CLANG_WARN_INFINITE_RECURSION = YES;
				CLANG_WARN_INT_CONVERSION = YES;
				CLANG_WARN_NON_LITERAL_NULL_CONVERSION = YES;
				CLANG_WARN_OBJC_IMPLICIT_RETAIN_SELF = YES;
				CLANG_WARN_OBJC_LITERAL_CONVERSION = YES;
				CLANG_WARN_OBJC_ROOT_CLASS = YES_ERROR;
				CLANG_WARN_RANGE_LOOP_ANALYSIS = YES;
				CLANG_WARN_STRICT_PROTOTYPES = YES;
				CLANG_WARN_SUSPICIOUS_MOVE = YES;
				CLANG_WARN_UNGUARDED_AVAILABILITY = YES_AGGRESSIVE;
				CLANG_WARN_UNREACHABLE_CODE = YES;
				CLANG_WARN__DUPLICATE_METHOD_MATCH = YES;
				CODE_SIGN_IDENTITY = "iPhone Developer";
				COPY_PHASE_STRIP = NO;
				DEBUG_INFORMATION_FORMAT = "dwarf-with-dsym";
				ENABLE_NS_ASSERTIONS = NO;
				ENABLE_STRICT_OBJC_MSGSEND = YES;
				GCC_C_LANGUAGE_STANDARD = gnu11;
				GCC_NO_COMMON_BLOCKS = YES;
				GCC_WARN_64_TO_32_BIT_CONVERSION = YES;
				GCC_WARN_ABOUT_RETURN_TYPE = YES_ERROR;
				GCC_WARN_UNDECLARED_SELECTOR = YES;
				GCC_WARN_UNINITIALIZED_AUTOS = YES_AGGRESSIVE;
				GCC_WARN_UNUSED_FUNCTION = YES;
				GCC_WARN_UNUSED_VARIABLE = YES;
				IPHONEOS_DEPLOYMENT_TARGET = 11.4;
				MTL_ENABLE_DEBUG_INFO = NO;
				SDKROOT = iphoneos;
				SWIFT_COMPILATION_MODE = wholemodule;
				SWIFT_OPTIMIZATION_LEVEL = "-O";
				VALIDATE_PRODUCT = YES;
			};
			name = Release;
		};
		89BEF0EC21CEC42A001ABB6D /* Debug */ = {
			isa = XCBuildConfiguration;
			buildSettings = {
				ASSETCATALOG_COMPILER_APPICON_NAME = AppIcon;
				CODE_SIGN_STYLE = Automatic;
				INFOPLIST_FILE = TabPagerStrip/Info.plist;
				LD_RUNPATH_SEARCH_PATHS = (
					"$(inherited)",
					"@executable_path/Frameworks",
				);
				PRODUCT_BUNDLE_IDENTIFIER = SBasic.TabPagerStrip;
				PRODUCT_NAME = "$(TARGET_NAME)";
				SWIFT_VERSION = 4.0;
				TARGETED_DEVICE_FAMILY = "1,2";
			};
			name = Debug;
		};
		89BEF0ED21CEC42A001ABB6D /* Release */ = {
			isa = XCBuildConfiguration;
			buildSettings = {
				ASSETCATALOG_COMPILER_APPICON_NAME = AppIcon;
				CODE_SIGN_STYLE = Automatic;
				INFOPLIST_FILE = TabPagerStrip/Info.plist;
				LD_RUNPATH_SEARCH_PATHS = (
					"$(inherited)",
					"@executable_path/Frameworks",
				);
				PRODUCT_BUNDLE_IDENTIFIER = SBasic.TabPagerStrip;
				PRODUCT_NAME = "$(TARGET_NAME)";
				SWIFT_VERSION = 4.0;
				TARGETED_DEVICE_FAMILY = "1,2";
			};
			name = Release;
		};
		89BEF0EF21CEC42A001ABB6D /* Debug */ = {
			isa = XCBuildConfiguration;
			buildSettings = {
				ALWAYS_EMBED_SWIFT_STANDARD_LIBRARIES = YES;
				BUNDLE_LOADER = "$(TEST_HOST)";
				CODE_SIGN_STYLE = Automatic;
				INFOPLIST_FILE = TabPagerStripTests/Info.plist;
				LD_RUNPATH_SEARCH_PATHS = (
					"$(inherited)",
					"@executable_path/Frameworks",
					"@loader_path/Frameworks",
				);
				PRODUCT_BUNDLE_IDENTIFIER = SBasic.TabPagerStripTests;
				PRODUCT_NAME = "$(TARGET_NAME)";
				SWIFT_VERSION = 4.0;
				TARGETED_DEVICE_FAMILY = "1,2";
				TEST_HOST = "$(BUILT_PRODUCTS_DIR)/TabPagerStrip.app/TabPagerStrip";
			};
			name = Debug;
		};
		89BEF0F021CEC42A001ABB6D /* Release */ = {
			isa = XCBuildConfiguration;
			buildSettings = {
				ALWAYS_EMBED_SWIFT_STANDARD_LIBRARIES = YES;
				BUNDLE_LOADER = "$(TEST_HOST)";
				CODE_SIGN_STYLE = Automatic;
				INFOPLIST_FILE = TabPagerStripTests/Info.plist;
				LD_RUNPATH_SEARCH_PATHS = (
					"$(inherited)",
					"@executable_path/Frameworks",
					"@loader_path/Frameworks",
				);
				PRODUCT_BUNDLE_IDENTIFIER = SBasic.TabPagerStripTests;
				PRODUCT_NAME = "$(TARGET_NAME)";
				SWIFT_VERSION = 4.0;
				TARGETED_DEVICE_FAMILY = "1,2";
				TEST_HOST = "$(BUILT_PRODUCTS_DIR)/TabPagerStrip.app/TabPagerStrip";
			};
			name = Release;
		};
		89BEF0F221CEC42A001ABB6D /* Debug */ = {
			isa = XCBuildConfiguration;
			buildSettings = {
				ALWAYS_EMBED_SWIFT_STANDARD_LIBRARIES = YES;
				CODE_SIGN_STYLE = Automatic;
				INFOPLIST_FILE = TabPagerStripUITests/Info.plist;
				LD_RUNPATH_SEARCH_PATHS = (
					"$(inherited)",
					"@executable_path/Frameworks",
					"@loader_path/Frameworks",
				);
				PRODUCT_BUNDLE_IDENTIFIER = SBasic.TabPagerStripUITests;
				PRODUCT_NAME = "$(TARGET_NAME)";
				SWIFT_VERSION = 4.0;
				TARGETED_DEVICE_FAMILY = "1,2";
				TEST_TARGET_NAME = TabPagerStrip;
			};
			name = Debug;
		};
		89BEF0F321CEC42A001ABB6D /* Release */ = {
			isa = XCBuildConfiguration;
			buildSettings = {
				ALWAYS_EMBED_SWIFT_STANDARD_LIBRARIES = YES;
				CODE_SIGN_STYLE = Automatic;
				INFOPLIST_FILE = TabPagerStripUITests/Info.plist;
				LD_RUNPATH_SEARCH_PATHS = (
					"$(inherited)",
					"@executable_path/Frameworks",
					"@loader_path/Frameworks",
				);
				PRODUCT_BUNDLE_IDENTIFIER = SBasic.TabPagerStripUITests;
				PRODUCT_NAME = "$(TARGET_NAME)";
				SWIFT_VERSION = 4.0;
				TARGETED_DEVICE_FAMILY = "1,2";
				TEST_TARGET_NAME = TabPagerStrip;
			};
			name = Release;
		};
/* End XCBuildConfiguration section */

/* Begin XCConfigurationList section */
		89BEF0BB21CEC429001ABB6D /* Build configuration list for PBXProject "TabPagerStrip" */ = {
			isa = XCConfigurationList;
			buildConfigurations = (
				89BEF0E921CEC42A001ABB6D /* Debug */,
				89BEF0EA21CEC42A001ABB6D /* Release */,
			);
			defaultConfigurationIsVisible = 0;
			defaultConfigurationName = Release;
		};
		89BEF0EB21CEC42A001ABB6D /* Build configuration list for PBXNativeTarget "TabPagerStrip" */ = {
			isa = XCConfigurationList;
			buildConfigurations = (
				89BEF0EC21CEC42A001ABB6D /* Debug */,
				89BEF0ED21CEC42A001ABB6D /* Release */,
			);
			defaultConfigurationIsVisible = 0;
			defaultConfigurationName = Release;
		};
		89BEF0EE21CEC42A001ABB6D /* Build configuration list for PBXNativeTarget "TabPagerStripTests" */ = {
			isa = XCConfigurationList;
			buildConfigurations = (
				89BEF0EF21CEC42A001ABB6D /* Debug */,
				89BEF0F021CEC42A001ABB6D /* Release */,
			);
			defaultConfigurationIsVisible = 0;
			defaultConfigurationName = Release;
		};
		89BEF0F121CEC42A001ABB6D /* Build configuration list for PBXNativeTarget "TabPagerStripUITests" */ = {
			isa = XCConfigurationList;
			buildConfigurations = (
				89BEF0F221CEC42A001ABB6D /* Debug */,
				89BEF0F321CEC42A001ABB6D /* Release */,
			);
			defaultConfigurationIsVisible = 0;
			defaultConfigurationName = Release;
		};
/* End XCConfigurationList section */

/* Begin XCVersionGroup section */
		89BEF0CA21CEC429001ABB6D /* TabPagerStrip.xcdatamodeld */ = {
			isa = XCVersionGroup;
			children = (
				89BEF0CB21CEC429001ABB6D /* TabPagerStrip.xcdatamodel */,
			);
			currentVersion = 89BEF0CB21CEC429001ABB6D /* TabPagerStrip.xcdatamodel */;
			path = TabPagerStrip.xcdatamodeld;
			sourceTree = "<group>";
			versionGroupType = wrapper.xcdatamodel;
		};
/* End XCVersionGroup section */
	};
	rootObject = 89BEF0B821CEC429001ABB6D /* Project object */;
}
